# This file is autogenerated, do not edit; changes may be undone by the next 'dep ensure'.


[[projects]]
  digest = "1:1f2ee62e40b3b0ca8403e49a07afb9ae8c0980391be1986e9f6c4ac9de1b1a90"
  name = "github.com/aws/aws-lambda-go"
  packages = [
    "events",
    "lambda",
    "lambda/handlertrace",
    "lambda/messages",
    "lambdacontext",
  ]
  pruneopts = ""
  revision = "55dc88be4cdfaaf4bb4d9f65debd8d4310e0a83c"
  version = "v1.19.1"

[[projects]]
  digest = "1:ada7d9fa8cbb3fc3fb33d0ca6b2d41a130ac14aa71f703e9a0557d82b961847a"
  name = "github.com/sarulabs/di"
  packages = ["."]
  pruneopts = ""
  revision = "56f2d666ceab2e5ffd61da7e41ebcf799df5045e"
  version = "v2.4.0"

[solve-meta]
  analyzer-name = "dep"
  analyzer-version = 1
  input-imports = [
    "github.com/aws/aws-lambda-go/events",
    "github.com/aws/aws-lambda-go/lambda",
    "github.com/sarulabs/di",
  ]
  solver-name = "gps-cdcl"
  solver-version = 1
